
Microsoft Visual Studio Solution File, Format Version 12.00
# Visual Studio Version 17
VisualStudioVersion = 17.12.35707.178 d17.12
MinimumVisualStudioVersion = 10.0.40219.1
Project("{FAE04EC0-301F-11D3-BF4B-00C04F79EFBC}") = "Task12_1", "Task12_1\Task12_1.csproj", "{E707A454-4017-4A47-A5E8-E1897520373E}"
EndProject
Global
	GlobalSection(SolutionConfigurationPlatforms) = preSolution
		Debug|Any CPU = Debug|Any CPU
		Release|Any CPU = Release|Any CPU
	EndGlobalSection
	GlobalSection(ProjectConfigurationPlatforms) = postSolution
		{E707A454-4017-4A47-A5E8-E1897520373E}.Debug|Any CPU.ActiveCfg = Debug|Any CPU
		{E707A454-4017-4A47-A5E8-E1897520373E}.Debug|Any CPU.Build.0 = Debug|Any CPU
		{E707A454-4017-4A47-A5E8-E1897520373E}.Release|Any CPU.ActiveCfg = Release|Any CPU
		{E707A454-4017-4A47-A5E8-E1897520373E}.Release|Any CPU.Build.0 = Release|Any CPU
	EndGlobalSection
	GlobalSection(SolutionProperties) = preSolution
		HideSolutionNode = FALSE
	EndGlobalSection
EndGlobal
